
Microsoft Visual Studio Solution File, Format Version 12.00
# Visual Studio 2012
Project("{FAE04EC0-301F-11D3-BF4B-00C04F79EFBC}") = "SVG_Viewer", "SVG_Viewer\SVG_Viewer.csproj", "{1EE98E83-5828-4FCD-97DA-390EF78EC886}"
EndProject
Global
	GlobalSection(SolutionConfigurationPlatforms) = preSolution
		Debug|Any CPU = Debug|Any CPU
		Release|Any CPU = Release|Any CPU
	EndGlobalSection
	GlobalSection(ProjectConfigurationPlatforms) = postSolution
		{1EE98E83-5828-4FCD-97DA-390EF78EC886}.Debug|Any CPU.ActiveCfg = Debug|Any CPU
		{1EE98E83-5828-4FCD-97DA-390EF78EC886}.Debug|Any CPU.Build.0 = Debug|Any CPU
		{1EE98E83-5828-4FCD-97DA-390EF78EC886}.Release|Any CPU.ActiveCfg = Release|Any CPU
		{1EE98E83-5828-4FCD-97DA-390EF78EC886}.Release|Any CPU.Build.0 = Release|Any CPU
	EndGlobalSection
	GlobalSection(SolutionProperties) = preSolution
		HideSolutionNode = FALSE
	EndGlobalSection
EndGlobal
